
Microsoft Visual Studio Solution File, Format Version 12.00
# Visual Studio 14
VisualStudioVersion = 14.0.25420.1
MinimumVisualStudioVersion = 10.0.40219.1
Project("{2150E333-8FDC-42A3-9474-1A3956D46DE8}") = ".other", ".other", "{1C6D7964-4703-4549-BB70-BBC76ED3DCA6}"
	ProjectSection(SolutionItems) = preProject
		.gitattributes = .gitattributes
		.gitignore = .gitignore
		appveyor.yml = appveyor.yml
		AssetsRestore.ps1 = AssetsRestore.ps1
		codecov.ps1 = codecov.ps1
		LICENSE = LICENSE
		README.md = README.md
	EndProjectSection
EndProject
Project("{2150E333-8FDC-42A3-9474-1A3956D46DE8}") = "App", "App", "{AF35BCE5-A814-4D03-8FFE-E99FEFBD44F0}"
EndProject
Project("{D954291E-2A0B-460D-934E-DC6B0785DB48}") = "SmokSmog.Shared", "App\SmokSmog.Shared\SmokSmog.Shared.shproj", "{11D343DA-9019-41F5-8AE8-7C5797C900B4}"
EndProject
Project("{FAE04EC0-301F-11D3-BF4B-00C04F79EFBC}") = "SmokSmog.win81", "App\SmokSmog.Windows\SmokSmog.win81.csproj", "{9389EA2D-BEE5-45A4-8624-2D2CE8A2EC99}"
EndProject
Project("{FAE04EC0-301F-11D3-BF4B-00C04F79EFBC}") = "SmokSmog.wpa81", "App\SmokSmog.WindowsPhone\SmokSmog.wpa81.csproj", "{C011B579-AC19-4D54-BA90-F288A7556530}"
EndProject
Project("{FAE04EC0-301F-11D3-BF4B-00C04F79EFBC}") = "SmokSmog.UWP", "App\SmokSmog.WindowsUniversal\SmokSmog.UWP.csproj", "{E0A6623E-DD65-43A9-9967-63F1CEA9A872}"
EndProject
Project("{2150E333-8FDC-42A3-9474-1A3956D46DE8}") = "Core", "Core", "{80403CA5-C5B8-4A9A-9690-ABBB47B919D2}"
EndProject
Project("{FAE04EC0-301F-11D3-BF4B-00C04F79EFBC}") = "SmokSmog.Core.Portable", "Core\SmokSmog.Core.Portable\SmokSmog.Core.Portable.csproj", "{6FF46AAD-41B8-4AD7-AF45-532082DF2EBD}"
EndProject
Project("{2150E333-8FDC-42A3-9474-1A3956D46DE8}") = "Tests", "Tests", "{5C10F19A-24F8-463C-B835-1AE72439F66A}"
EndProject
Project("{D954291E-2A0B-460D-934E-DC6B0785DB48}") = "SmokSmog.Core.Shared", "Core\SmokSmog.Core.Shared\SmokSmog.Core.Shared.shproj", "{1A93CB76-EF97-4592-B0E5-EEA5B3E040C6}"
EndProject
Project("{FAE04EC0-301F-11D3-BF4B-00C04F79EFBC}") = "SmokSmog.Core.WinRT.Tests", "Tests\SmokSmog.Core.WinRT.Tests\SmokSmog.Core.WinRT.Tests.csproj", "{22EBC209-A370-4F97-B840-EB428F47B4BE}"
EndProject
Project("{2150E333-8FDC-42A3-9474-1A3956D46DE8}") = "Microsoft", "Microsoft", "{B715D4F7-0D62-42D2-9209-8016ED2F6BD6}"
EndProject
Project("{D954291E-2A0B-460D-934E-DC6B0785DB48}") = "Microsoft", "Microsoft\Microsoft.shproj", "{7DE3D0EF-68E6-4323-ACDB-BA3BE5D1E11E}"
EndProject
Project("{2150E333-8FDC-42A3-9474-1A3956D46DE8}") = "Notification", "Notification", "{BF35D649-ECB4-4DA5-865E-B3C019D5ED04}"
EndProject
Project("{FAE04EC0-301F-11D3-BF4B-00C04F79EFBC}") = "SmokSmog.Notification.UWP", "Notification\SmokSmog.Notification.WindowsUniversal\SmokSmog.Notification.UWP.csproj", "{6C123131-803F-4EB8-A0E1-C60FE639DC43}"
EndProject
Project("{D954291E-2A0B-460D-934E-DC6B0785DB48}") = "SmokSmog.Notification.Shared", "Notification\SmokSmog.Notification.Shared\SmokSmog.Notification.Shared.shproj", "{469BBE96-5FB1-4828-891C-C2A0E2AE1381}"
EndProject
Project("{FAE04EC0-301F-11D3-BF4B-00C04F79EFBC}") = "SmokSmog.Notification.win81", "Notification\SmokSmog.Notification.Windows\SmokSmog.Notification.win81.csproj", "{941B1E36-05DE-46D8-8AA3-993455928F97}"
EndProject
Project("{FAE04EC0-301F-11D3-BF4B-00C04F79EFBC}") = "SmokSmog.Notification.wpa81", "Notification\SmokSmog.Notification.WindowsPhone\SmokSmog.Notification.wpa81.csproj", "{3B0064C5-ADFF-4194-A32F-F4D972698FD8}"
EndProject
Project("{FAE04EC0-301F-11D3-BF4B-00C04F79EFBC}") = "SmokSmog.Core.UWP", "Core\SmokSmog.Core.WindowsUniversal\SmokSmog.Core.UWP.csproj", "{64A549F2-F17A-4357-AFFB-7BB76BEA6FA2}"
EndProject
Project("{FAE04EC0-301F-11D3-BF4B-00C04F79EFBC}") = "SmokSmog.Core.win81", "Core\SmokSmog.Core.Windows\SmokSmog.Core.win81.csproj", "{F8A355DB-501A-4CEF-9CA4-5A9C61A594A3}"
EndProject
Project("{FAE04EC0-301F-11D3-BF4B-00C04F79EFBC}") = "SmokSmog.Core.wpa81", "Core\SmokSmog.Core.WindowsPhone\SmokSmog.Core.wpa81.csproj", "{145671F5-DC0D-4A9D-BBC5-EDFC6F572260}"
EndProject
Global
	GlobalSection(SharedMSBuildProjectFiles) = preSolution
		App\SmokSmog.Shared\SmokSmog.Shared.projitems*{11d343da-9019-41f5-8ae8-7c5797c900b4}*SharedItemsImports = 13
		Core\SmokSmog.Core.Shared\SmokSmog.Core.Shared.projitems*{145671f5-dc0d-4a9d-bbc5-edfc6f572260}*SharedItemsImports = 4
		Microsoft\Microsoft.projitems*{145671f5-dc0d-4a9d-bbc5-edfc6f572260}*SharedItemsImports = 4
		Core\SmokSmog.Core.Shared\SmokSmog.Core.Shared.projitems*{1a93cb76-ef97-4592-b0e5-eea5b3e040c6}*SharedItemsImports = 13
		Notification\SmokSmog.Notification.Shared\SmokSmog.Notification.Shared.projitems*{3b0064c5-adff-4194-a32f-f4d972698fd8}*SharedItemsImports = 4
		Notification\SmokSmog.Notification.Shared\SmokSmog.Notification.Shared.projitems*{469bbe96-5fb1-4828-891c-c2a0e2ae1381}*SharedItemsImports = 13
		Core\SmokSmog.Core.Shared\SmokSmog.Core.Shared.projitems*{64a549f2-f17a-4357-affb-7bb76bea6fa2}*SharedItemsImports = 4
		Notification\SmokSmog.Notification.Shared\SmokSmog.Notification.Shared.projitems*{6c123131-803f-4eb8-a0e1-c60fe639dc43}*SharedItemsImports = 4
		Microsoft\Microsoft.projitems*{7de3d0ef-68e6-4323-acdb-ba3be5d1e11e}*SharedItemsImports = 13
		App\SmokSmog.Shared\SmokSmog.Shared.projitems*{9389ea2d-bee5-45a4-8624-2d2ce8a2ec99}*SharedItemsImports = 4
		Notification\SmokSmog.Notification.Shared\SmokSmog.Notification.Shared.projitems*{941b1e36-05de-46d8-8aa3-993455928f97}*SharedItemsImports = 4
		App\SmokSmog.Shared\SmokSmog.Shared.projitems*{c011b579-ac19-4d54-ba90-f288a7556530}*SharedItemsImports = 4
		App\SmokSmog.Shared\SmokSmog.Shared.projitems*{e0a6623e-dd65-43a9-9967-63f1cea9a872}*SharedItemsImports = 4
		Core\SmokSmog.Core.Shared\SmokSmog.Core.Shared.projitems*{f8a355db-501a-4cef-9ca4-5a9c61a594a3}*SharedItemsImports = 4
		Microsoft\Microsoft.projitems*{f8a355db-501a-4cef-9ca4-5a9c61a594a3}*SharedItemsImports = 4
	EndGlobalSection
	GlobalSection(SolutionConfigurationPlatforms) = preSolution
		Debug|ARM = Debug|ARM
		Debug|x64 = Debug|x64
		Debug|x86 = Debug|x86
		Release|ARM = Release|ARM
		Release|x64 = Release|x64
		Release|x86 = Release|x86
	EndGlobalSection
	GlobalSection(ProjectConfigurationPlatforms) = postSolution
		{9389EA2D-BEE5-45A4-8624-2D2CE8A2EC99}.Debug|ARM.ActiveCfg = Debug|ARM
		{9389EA2D-BEE5-45A4-8624-2D2CE8A2EC99}.Debug|ARM.Build.0 = Debug|ARM
		{9389EA2D-BEE5-45A4-8624-2D2CE8A2EC99}.Debug|ARM.Deploy.0 = Debug|ARM
		{9389EA2D-BEE5-45A4-8624-2D2CE8A2EC99}.Debug|x64.ActiveCfg = Debug|x64
		{9389EA2D-BEE5-45A4-8624-2D2CE8A2EC99}.Debug|x64.Build.0 = Debug|x64
		{9389EA2D-BEE5-45A4-8624-2D2CE8A2EC99}.Debug|x64.Deploy.0 = Debug|x64
		{9389EA2D-BEE5-45A4-8624-2D2CE8A2EC99}.Debug|x86.ActiveCfg = Debug|x86
		{9389EA2D-BEE5-45A4-8624-2D2CE8A2EC99}.Debug|x86.Build.0 = Debug|x86
		{9389EA2D-BEE5-45A4-8624-2D2CE8A2EC99}.Debug|x86.Deploy.0 = Debug|x86
		{9389EA2D-BEE5-45A4-8624-2D2CE8A2EC99}.Release|ARM.ActiveCfg = Release|ARM
		{9389EA2D-BEE5-45A4-8624-2D2CE8A2EC99}.Release|ARM.Build.0 = Release|ARM
		{9389EA2D-BEE5-45A4-8624-2D2CE8A2EC99}.Release|ARM.Deploy.0 = Release|ARM
		{9389EA2D-BEE5-45A4-8624-2D2CE8A2EC99}.Release|x64.ActiveCfg = Release|x64
		{9389EA2D-BEE5-45A4-8624-2D2CE8A2EC99}.Release|x64.Build.0 = Release|x64
		{9389EA2D-BEE5-45A4-8624-2D2CE8A2EC99}.Release|x64.Deploy.0 = Release|x64
		{9389EA2D-BEE5-45A4-8624-2D2CE8A2EC99}.Release|x86.ActiveCfg = Release|x86
		{9389EA2D-BEE5-45A4-8624-2D2CE8A2EC99}.Release|x86.Build.0 = Release|x86
		{9389EA2D-BEE5-45A4-8624-2D2CE8A2EC99}.Release|x86.Deploy.0 = Release|x86
		{C011B579-AC19-4D54-BA90-F288A7556530}.Debug|ARM.ActiveCfg = Debug|ARM
		{C011B579-AC19-4D54-BA90-F288A7556530}.Debug|ARM.Build.0 = Debug|ARM
		{C011B579-AC19-4D54-BA90-F288A7556530}.Debug|ARM.Deploy.0 = Debug|ARM
		{C011B579-AC19-4D54-BA90-F288A7556530}.Debug|x64.ActiveCfg = Debug|x86
		{C011B579-AC19-4D54-BA90-F288A7556530}.Debug|x86.ActiveCfg = Debug|x86
		{C011B579-AC19-4D54-BA90-F288A7556530}.Debug|x86.Build.0 = Debug|x86
		{C011B579-AC19-4D54-BA90-F288A7556530}.Debug|x86.Deploy.0 = Debug|x86
		{C011B579-AC19-4D54-BA90-F288A7556530}.Release|ARM.ActiveCfg = Release|ARM
		{C011B579-AC19-4D54-BA90-F288A7556530}.Release|ARM.Build.0 = Release|ARM
		{C011B579-AC19-4D54-BA90-F288A7556530}.Release|ARM.Deploy.0 = Release|ARM
		{C011B579-AC19-4D54-BA90-F288A7556530}.Release|x64.ActiveCfg = Release|x86
		{C011B579-AC19-4D54-BA90-F288A7556530}.Release|x86.ActiveCfg = Release|x86
		{C011B579-AC19-4D54-BA90-F288A7556530}.Release|x86.Build.0 = Release|x86
		{C011B579-AC19-4D54-BA90-F288A7556530}.Release|x86.Deploy.0 = Release|x86
		{E0A6623E-DD65-43A9-9967-63F1CEA9A872}.Debug|ARM.ActiveCfg = Debug|ARM
		{E0A6623E-DD65-43A9-9967-63F1CEA9A872}.Debug|ARM.Build.0 = Debug|ARM
		{E0A6623E-DD65-43A9-9967-63F1CEA9A872}.Debug|ARM.Deploy.0 = Debug|ARM
		{E0A6623E-DD65-43A9-9967-63F1CEA9A872}.Debug|x64.ActiveCfg = Debug|x64
		{E0A6623E-DD65-43A9-9967-63F1CEA9A872}.Debug|x64.Build.0 = Debug|x64
		{E0A6623E-DD65-43A9-9967-63F1CEA9A872}.Debug|x64.Deploy.0 = Debug|x64
		{E0A6623E-DD65-43A9-9967-63F1CEA9A872}.Debug|x86.ActiveCfg = Debug|x86
		{E0A6623E-DD65-43A9-9967-63F1CEA9A872}.Debug|x86.Build.0 = Debug|x86
		{E0A6623E-DD65-43A9-9967-63F1CEA9A872}.Debug|x86.Deploy.0 = Debug|x86
		{E0A6623E-DD65-43A9-9967-63F1CEA9A872}.Release|ARM.ActiveCfg = Release|ARM
		{E0A6623E-DD65-43A9-9967-63F1CEA9A872}.Release|ARM.Build.0 = Release|ARM
		{E0A6623E-DD65-43A9-9967-63F1CEA9A872}.Release|ARM.Deploy.0 = Release|ARM
		{E0A6623E-DD65-43A9-9967-63F1CEA9A872}.Release|x64.ActiveCfg = Release|x64
		{E0A6623E-DD65-43A9-9967-63F1CEA9A872}.Release|x64.Build.0 = Release|x64
		{E0A6623E-DD65-43A9-9967-63F1CEA9A872}.Release|x64.Deploy.0 = Release|x64
		{E0A6623E-DD65-43A9-9967-63F1CEA9A872}.Release|x86.ActiveCfg = Release|x86
		{E0A6623E-DD65-43A9-9967-63F1CEA9A872}.Release|x86.Build.0 = Release|x86
		{E0A6623E-DD65-43A9-9967-63F1CEA9A872}.Release|x86.Deploy.0 = Release|x86
		{6FF46AAD-41B8-4AD7-AF45-532082DF2EBD}.Debug|ARM.ActiveCfg = Debug|Any CPU
		{6FF46AAD-41B8-4AD7-AF45-532082DF2EBD}.Debug|ARM.Build.0 = Debug|Any CPU
		{6FF46AAD-41B8-4AD7-AF45-532082DF2EBD}.Debug|x64.ActiveCfg = Debug|Any CPU
		{6FF46AAD-41B8-4AD7-AF45-532082DF2EBD}.Debug|x64.Build.0 = Debug|Any CPU
		{6FF46AAD-41B8-4AD7-AF45-532082DF2EBD}.Debug|x86.ActiveCfg = Debug|x86
		{6FF46AAD-41B8-4AD7-AF45-532082DF2EBD}.Debug|x86.Build.0 = Debug|x86
		{6FF46AAD-41B8-4AD7-AF45-532082DF2EBD}.Release|ARM.ActiveCfg = Release|Any CPU
		{6FF46AAD-41B8-4AD7-AF45-532082DF2EBD}.Release|ARM.Build.0 = Release|Any CPU
		{6FF46AAD-41B8-4AD7-AF45-532082DF2EBD}.Release|x64.ActiveCfg = Release|Any CPU
		{6FF46AAD-41B8-4AD7-AF45-532082DF2EBD}.Release|x64.Build.0 = Release|Any CPU
		{6FF46AAD-41B8-4AD7-AF45-532082DF2EBD}.Release|x86.ActiveCfg = Release|x86
		{6FF46AAD-41B8-4AD7-AF45-532082DF2EBD}.Release|x86.Build.0 = Release|x86
		{22EBC209-A370-4F97-B840-EB428F47B4BE}.Debug|ARM.ActiveCfg = Debug|ARM
		{22EBC209-A370-4F97-B840-EB428F47B4BE}.Debug|x64.ActiveCfg = Debug|x64
		{22EBC209-A370-4F97-B840-EB428F47B4BE}.Debug|x86.ActiveCfg = Debug|x86
		{22EBC209-A370-4F97-B840-EB428F47B4BE}.Debug|x86.Build.0 = Debug|x86
		{22EBC209-A370-4F97-B840-EB428F47B4BE}.Debug|x86.Deploy.0 = Debug|x86
		{22EBC209-A370-4F97-B840-EB428F47B4BE}.Release|ARM.ActiveCfg = Release|ARM
		{22EBC209-A370-4F97-B840-EB428F47B4BE}.Release|x64.ActiveCfg = Release|x64
		{22EBC209-A370-4F97-B840-EB428F47B4BE}.Release|x86.ActiveCfg = Release|x86
		{22EBC209-A370-4F97-B840-EB428F47B4BE}.Release|x86.Build.0 = Release|x86
		{22EBC209-A370-4F97-B840-EB428F47B4BE}.Release|x86.Deploy.0 = Release|x86
		{6C123131-803F-4EB8-A0E1-C60FE639DC43}.Debug|ARM.ActiveCfg = Debug|ARM
		{6C123131-803F-4EB8-A0E1-C60FE639DC43}.Debug|ARM.Build.0 = Debug|ARM
		{6C123131-803F-4EB8-A0E1-C60FE639DC43}.Debug|x64.ActiveCfg = Debug|x64
		{6C123131-803F-4EB8-A0E1-C60FE639DC43}.Debug|x64.Build.0 = Debug|x64
		{6C123131-803F-4EB8-A0E1-C60FE639DC43}.Debug|x86.ActiveCfg = Debug|x86
		{6C123131-803F-4EB8-A0E1-C60FE639DC43}.Debug|x86.Build.0 = Debug|x86
		{6C123131-803F-4EB8-A0E1-C60FE639DC43}.Release|ARM.ActiveCfg = Release|ARM
		{6C123131-803F-4EB8-A0E1-C60FE639DC43}.Release|ARM.Build.0 = Release|ARM
		{6C123131-803F-4EB8-A0E1-C60FE639DC43}.Release|x64.ActiveCfg = Release|x64
		{6C123131-803F-4EB8-A0E1-C60FE639DC43}.Release|x64.Build.0 = Release|x64
		{6C123131-803F-4EB8-A0E1-C60FE639DC43}.Release|x86.ActiveCfg = Release|x86
		{6C123131-803F-4EB8-A0E1-C60FE639DC43}.Release|x86.Build.0 = Release|x86
		{941B1E36-05DE-46D8-8AA3-993455928F97}.Debug|ARM.ActiveCfg = Debug|ARM
		{941B1E36-05DE-46D8-8AA3-993455928F97}.Debug|ARM.Build.0 = Debug|ARM
		{941B1E36-05DE-46D8-8AA3-993455928F97}.Debug|x64.ActiveCfg = Debug|x64
		{941B1E36-05DE-46D8-8AA3-993455928F97}.Debug|x64.Build.0 = Debug|x64
		{941B1E36-05DE-46D8-8AA3-993455928F97}.Debug|x86.ActiveCfg = Debug|x86
		{941B1E36-05DE-46D8-8AA3-993455928F97}.Debug|x86.Build.0 = Debug|x86
		{941B1E36-05DE-46D8-8AA3-993455928F97}.Release|ARM.ActiveCfg = Release|ARM
		{941B1E36-05DE-46D8-8AA3-993455928F97}.Release|ARM.Build.0 = Release|ARM
		{941B1E36-05DE-46D8-8AA3-993455928F97}.Release|x64.ActiveCfg = Release|x64
		{941B1E36-05DE-46D8-8AA3-993455928F97}.Release|x64.Build.0 = Release|x64
		{941B1E36-05DE-46D8-8AA3-993455928F97}.Release|x86.ActiveCfg = Release|x86
		{941B1E36-05DE-46D8-8AA3-993455928F97}.Release|x86.Build.0 = Release|x86
		{3B0064C5-ADFF-4194-A32F-F4D972698FD8}.Debug|ARM.ActiveCfg = Debug|ARM
		{3B0064C5-ADFF-4194-A32F-F4D972698FD8}.Debug|ARM.Build.0 = Debug|ARM
		{3B0064C5-ADFF-4194-A32F-F4D972698FD8}.Debug|x64.ActiveCfg = Debug|x86
		{3B0064C5-ADFF-4194-A32F-F4D972698FD8}.Debug|x86.ActiveCfg = Debug|x86
		{3B0064C5-ADFF-4194-A32F-F4D972698FD8}.Debug|x86.Build.0 = Debug|x86
		{3B0064C5-ADFF-4194-A32F-F4D972698FD8}.Release|ARM.ActiveCfg = Release|ARM
		{3B0064C5-ADFF-4194-A32F-F4D972698FD8}.Release|ARM.Build.0 = Release|ARM
		{3B0064C5-ADFF-4194-A32F-F4D972698FD8}.Release|x64.ActiveCfg = Release|x86
		{3B0064C5-ADFF-4194-A32F-F4D972698FD8}.Release|x86.ActiveCfg = Release|x86
		{3B0064C5-ADFF-4194-A32F-F4D972698FD8}.Release|x86.Build.0 = Release|x86
		{64A549F2-F17A-4357-AFFB-7BB76BEA6FA2}.Debug|ARM.ActiveCfg = Debug|ARM
		{64A549F2-F17A-4357-AFFB-7BB76BEA6FA2}.Debug|ARM.Build.0 = Debug|ARM
		{64A549F2-F17A-4357-AFFB-7BB76BEA6FA2}.Debug|x64.ActiveCfg = Debug|x64
		{64A549F2-F17A-4357-AFFB-7BB76BEA6FA2}.Debug|x64.Build.0 = Debug|x64
		{64A549F2-F17A-4357-AFFB-7BB76BEA6FA2}.Debug|x86.ActiveCfg = Debug|x86
		{64A549F2-F17A-4357-AFFB-7BB76BEA6FA2}.Debug|x86.Build.0 = Debug|x86
		{64A549F2-F17A-4357-AFFB-7BB76BEA6FA2}.Release|ARM.ActiveCfg = Release|ARM
		{64A549F2-F17A-4357-AFFB-7BB76BEA6FA2}.Release|ARM.Build.0 = Release|ARM
		{64A549F2-F17A-4357-AFFB-7BB76BEA6FA2}.Release|x64.ActiveCfg = Release|x64
		{64A549F2-F17A-4357-AFFB-7BB76BEA6FA2}.Release|x64.Build.0 = Release|x64
		{64A549F2-F17A-4357-AFFB-7BB76BEA6FA2}.Release|x86.ActiveCfg = Release|x86
		{64A549F2-F17A-4357-AFFB-7BB76BEA6FA2}.Release|x86.Build.0 = Release|x86
		{F8A355DB-501A-4CEF-9CA4-5A9C61A594A3}.Debug|ARM.ActiveCfg = Debug|ARM
		{F8A355DB-501A-4CEF-9CA4-5A9C61A594A3}.Debug|ARM.Build.0 = Debug|ARM
		{F8A355DB-501A-4CEF-9CA4-5A9C61A594A3}.Debug|x64.ActiveCfg = Debug|x64
		{F8A355DB-501A-4CEF-9CA4-5A9C61A594A3}.Debug|x64.Build.0 = Debug|x64
		{F8A355DB-501A-4CEF-9CA4-5A9C61A594A3}.Debug|x86.ActiveCfg = Debug|x86
		{F8A355DB-501A-4CEF-9CA4-5A9C61A594A3}.Debug|x86.Build.0 = Debug|x86
		{F8A355DB-501A-4CEF-9CA4-5A9C61A594A3}.Release|ARM.ActiveCfg = Release|ARM
		{F8A355DB-501A-4CEF-9CA4-5A9C61A594A3}.Release|ARM.Build.0 = Release|ARM
		{F8A355DB-501A-4CEF-9CA4-5A9C61A594A3}.Release|x64.ActiveCfg = Release|x64
		{F8A355DB-501A-4CEF-9CA4-5A9C61A594A3}.Release|x64.Build.0 = Release|x64
		{F8A355DB-501A-4CEF-9CA4-5A9C61A594A3}.Release|x86.ActiveCfg = Release|x86
		{F8A355DB-501A-4CEF-9CA4-5A9C61A594A3}.Release|x86.Build.0 = Release|x86
		{145671F5-DC0D-4A9D-BBC5-EDFC6F572260}.Debug|ARM.ActiveCfg = Debug|ARM
		{145671F5-DC0D-4A9D-BBC5-EDFC6F572260}.Debug|ARM.Build.0 = Debug|ARM
		{145671F5-DC0D-4A9D-BBC5-EDFC6F572260}.Debug|x64.ActiveCfg = Debug|x86
		{145671F5-DC0D-4A9D-BBC5-EDFC6F572260}.Debug|x86.ActiveCfg = Debug|x86
		{145671F5-DC0D-4A9D-BBC5-EDFC6F572260}.Debug|x86.Build.0 = Debug|x86
		{145671F5-DC0D-4A9D-BBC5-EDFC6F572260}.Release|ARM.ActiveCfg = Release|ARM
		{145671F5-DC0D-4A9D-BBC5-EDFC6F572260}.Release|ARM.Build.0 = Release|ARM
		{145671F5-DC0D-4A9D-BBC5-EDFC6F572260}.Release|x64.ActiveCfg = Release|x86
		{145671F5-DC0D-4A9D-BBC5-EDFC6F572260}.Release|x86.ActiveCfg = Release|x86
		{145671F5-DC0D-4A9D-BBC5-EDFC6F572260}.Release|x86.Build.0 = Release|x86
	EndGlobalSection
	GlobalSection(SolutionProperties) = preSolution
		HideSolutionNode = FALSE
	EndGlobalSection
	GlobalSection(NestedProjects) = preSolution
		{11D343DA-9019-41F5-8AE8-7C5797C900B4} = {AF35BCE5-A814-4D03-8FFE-E99FEFBD44F0}
		{9389EA2D-BEE5-45A4-8624-2D2CE8A2EC99} = {AF35BCE5-A814-4D03-8FFE-E99FEFBD44F0}
		{C011B579-AC19-4D54-BA90-F288A7556530} = {AF35BCE5-A814-4D03-8FFE-E99FEFBD44F0}
		{E0A6623E-DD65-43A9-9967-63F1CEA9A872} = {AF35BCE5-A814-4D03-8FFE-E99FEFBD44F0}
		{6FF46AAD-41B8-4AD7-AF45-532082DF2EBD} = {80403CA5-C5B8-4A9A-9690-ABBB47B919D2}
		{1A93CB76-EF97-4592-B0E5-EEA5B3E040C6} = {80403CA5-C5B8-4A9A-9690-ABBB47B919D2}
		{22EBC209-A370-4F97-B840-EB428F47B4BE} = {5C10F19A-24F8-463C-B835-1AE72439F66A}
		{7DE3D0EF-68E6-4323-ACDB-BA3BE5D1E11E} = {B715D4F7-0D62-42D2-9209-8016ED2F6BD6}
		{6C123131-803F-4EB8-A0E1-C60FE639DC43} = {BF35D649-ECB4-4DA5-865E-B3C019D5ED04}
		{469BBE96-5FB1-4828-891C-C2A0E2AE1381} = {BF35D649-ECB4-4DA5-865E-B3C019D5ED04}
		{941B1E36-05DE-46D8-8AA3-993455928F97} = {BF35D649-ECB4-4DA5-865E-B3C019D5ED04}
		{3B0064C5-ADFF-4194-A32F-F4D972698FD8} = {BF35D649-ECB4-4DA5-865E-B3C019D5ED04}
		{64A549F2-F17A-4357-AFFB-7BB76BEA6FA2} = {80403CA5-C5B8-4A9A-9690-ABBB47B919D2}
		{F8A355DB-501A-4CEF-9CA4-5A9C61A594A3} = {80403CA5-C5B8-4A9A-9690-ABBB47B919D2}
		{145671F5-DC0D-4A9D-BBC5-EDFC6F572260} = {80403CA5-C5B8-4A9A-9690-ABBB47B919D2}
	EndGlobalSection
EndGlobal
